
Microsoft Visual Studio Solution File, Format Version 12.00
Project("{2150E333-8FDC-42A3-9474-1A3956D46DE8}") = "src", "src", "{DEED2019-7924-4B55-A1BC-887F39020CE1}"
EndProject
Project("{2150E333-8FDC-42A3-9474-1A3956D46DE8}") = "Service", "Service", "{E353BDF2-E52A-408D-9AEA-349BBFC8AEE8}"
EndProject
Project("{2150E333-8FDC-42A3-9474-1A3956D46DE8}") = "Shared", "Shared", "{9CBF4141-310D-491B-B8FA-04AD2FE23351}"
EndProject
Project("{2150E333-8FDC-42A3-9474-1A3956D46DE8}") = "Domain", "Domain", "{7119DAC4-2060-4B14-A61D-74A35EF82CF2}"
EndProject
Project("{2150E333-8FDC-42A3-9474-1A3956D46DE8}") = "Api", "Api", "{AB30C868-D436-4FC9-9111-9DD1D9ED435D}"
EndProject
Project("{2150E333-8FDC-42A3-9474-1A3956D46DE8}") = "Application", "Application", "{1AB669FD-9D9C-433F-A7C3-B3FA8DC5AB83}"
EndProject
Project("{2150E333-8FDC-42A3-9474-1A3956D46DE8}") = "Domain", "Domain", "{5563A051-25BF-4180-8B62-231B607403BC}"
EndProject
Project("{2150E333-8FDC-42A3-9474-1A3956D46DE8}") = "Infrastructure", "Infrastructure", "{126E09E7-BA46-4081-8751-4F2854B67BA8}"
EndProject
Project("{2150E333-8FDC-42A3-9474-1A3956D46DE8}") = "Tests", "Tests", "{53CC905D-E51D-4333-ADF0-1894ABC758D1}"
EndProject
Project("{FAE04EC0-301F-11D3-BF4B-00C04F79EFBC}") = "Api", "src\Service\Api\Api\Api.csproj", "{18D34D5B-2A9E-423D-9554-3A447E0B6CBD}"
EndProject
Project("{FAE04EC0-301F-11D3-BF4B-00C04F79EFBC}") = "Application", "src\Service\Application\Application\Application.csproj", "{5FA6A2A9-1D6A-4936-B70F-3A6CF3298182}"
EndProject
Project("{FAE04EC0-301F-11D3-BF4B-00C04F79EFBC}") = "Domain", "src\Service\Domain\Domain\Domain.csproj", "{727C7026-B844-4F93-91B1-75EEA8914BB1}"
EndProject
Project("{FAE04EC0-301F-11D3-BF4B-00C04F79EFBC}") = "Infrastructure.Data", "src\Service\Infrastructure\Infrastructure.Data\Infrastructure.Data.csproj", "{A3D6C842-2957-4829-87B9-3E4B5B6FF8C2}"
EndProject
Project("{FAE04EC0-301F-11D3-BF4B-00C04F79EFBC}") = "Infrastructure.Repositories", "src\Service\Infrastructure\Infrastructure.Repositories\Infrastructure.Repositories.csproj", "{15365E2E-E1CF-4284-B12B-A25A9CC7428E}"
EndProject
Project("{FAE04EC0-301F-11D3-BF4B-00C04F79EFBC}") = "Shared.Domain", "src\Shared\Domain\Shared.Domain\Shared.Domain.csproj", "{777153F8-3B90-4D17-9C97-ACDB19C3066A}"
EndProject
Global
	GlobalSection(SolutionConfigurationPlatforms) = preSolution
		Debug|Any CPU = Debug|Any CPU
		Release|Any CPU = Release|Any CPU
	EndGlobalSection
	GlobalSection(ProjectConfigurationPlatforms) = postSolution
		{18D34D5B-2A9E-423D-9554-3A447E0B6CBD}.Debug|Any CPU.ActiveCfg = Debug|Any CPU
		{18D34D5B-2A9E-423D-9554-3A447E0B6CBD}.Debug|Any CPU.Build.0 = Debug|Any CPU
		{18D34D5B-2A9E-423D-9554-3A447E0B6CBD}.Release|Any CPU.ActiveCfg = Release|Any CPU
		{18D34D5B-2A9E-423D-9554-3A447E0B6CBD}.Release|Any CPU.Build.0 = Release|Any CPU
		{5FA6A2A9-1D6A-4936-B70F-3A6CF3298182}.Debug|Any CPU.ActiveCfg = Debug|Any CPU
		{5FA6A2A9-1D6A-4936-B70F-3A6CF3298182}.Debug|Any CPU.Build.0 = Debug|Any CPU
		{5FA6A2A9-1D6A-4936-B70F-3A6CF3298182}.Release|Any CPU.ActiveCfg = Release|Any CPU
		{5FA6A2A9-1D6A-4936-B70F-3A6CF3298182}.Release|Any CPU.Build.0 = Release|Any CPU
		{727C7026-B844-4F93-91B1-75EEA8914BB1}.Debug|Any CPU.ActiveCfg = Debug|Any CPU
		{727C7026-B844-4F93-91B1-75EEA8914BB1}.Debug|Any CPU.Build.0 = Debug|Any CPU
		{727C7026-B844-4F93-91B1-75EEA8914BB1}.Release|Any CPU.ActiveCfg = Release|Any CPU
		{727C7026-B844-4F93-91B1-75EEA8914BB1}.Release|Any CPU.Build.0 = Release|Any CPU
		{A3D6C842-2957-4829-87B9-3E4B5B6FF8C2}.Debug|Any CPU.ActiveCfg = Debug|Any CPU
		{A3D6C842-2957-4829-87B9-3E4B5B6FF8C2}.Debug|Any CPU.Build.0 = Debug|Any CPU
		{A3D6C842-2957-4829-87B9-3E4B5B6FF8C2}.Release|Any CPU.ActiveCfg = Release|Any CPU
		{A3D6C842-2957-4829-87B9-3E4B5B6FF8C2}.Release|Any CPU.Build.0 = Release|Any CPU
		{15365E2E-E1CF-4284-B12B-A25A9CC7428E}.Debug|Any CPU.ActiveCfg = Debug|Any CPU
		{15365E2E-E1CF-4284-B12B-A25A9CC7428E}.Debug|Any CPU.Build.0 = Debug|Any CPU
		{15365E2E-E1CF-4284-B12B-A25A9CC7428E}.Release|Any CPU.ActiveCfg = Release|Any CPU
		{15365E2E-E1CF-4284-B12B-A25A9CC7428E}.Release|Any CPU.Build.0 = Release|Any CPU
		{777153F8-3B90-4D17-9C97-ACDB19C3066A}.Debug|Any CPU.ActiveCfg = Debug|Any CPU
		{777153F8-3B90-4D17-9C97-ACDB19C3066A}.Debug|Any CPU.Build.0 = Debug|Any CPU
		{777153F8-3B90-4D17-9C97-ACDB19C3066A}.Release|Any CPU.ActiveCfg = Release|Any CPU
		{777153F8-3B90-4D17-9C97-ACDB19C3066A}.Release|Any CPU.Build.0 = Release|Any CPU
	EndGlobalSection
	GlobalSection(NestedProjects) = preSolution
		{E353BDF2-E52A-408D-9AEA-349BBFC8AEE8} = {DEED2019-7924-4B55-A1BC-887F39020CE1}
		{9CBF4141-310D-491B-B8FA-04AD2FE23351} = {DEED2019-7924-4B55-A1BC-887F39020CE1}
		{7119DAC4-2060-4B14-A61D-74A35EF82CF2} = {9CBF4141-310D-491B-B8FA-04AD2FE23351}
		{AB30C868-D436-4FC9-9111-9DD1D9ED435D} = {E353BDF2-E52A-408D-9AEA-349BBFC8AEE8}
		{1AB669FD-9D9C-433F-A7C3-B3FA8DC5AB83} = {E353BDF2-E52A-408D-9AEA-349BBFC8AEE8}
		{5563A051-25BF-4180-8B62-231B607403BC} = {E353BDF2-E52A-408D-9AEA-349BBFC8AEE8}
		{126E09E7-BA46-4081-8751-4F2854B67BA8} = {E353BDF2-E52A-408D-9AEA-349BBFC8AEE8}
		{53CC905D-E51D-4333-ADF0-1894ABC758D1} = {E353BDF2-E52A-408D-9AEA-349BBFC8AEE8}
		{18D34D5B-2A9E-423D-9554-3A447E0B6CBD} = {AB30C868-D436-4FC9-9111-9DD1D9ED435D}
		{5FA6A2A9-1D6A-4936-B70F-3A6CF3298182} = {1AB669FD-9D9C-433F-A7C3-B3FA8DC5AB83}
		{727C7026-B844-4F93-91B1-75EEA8914BB1} = {5563A051-25BF-4180-8B62-231B607403BC}
		{A3D6C842-2957-4829-87B9-3E4B5B6FF8C2} = {126E09E7-BA46-4081-8751-4F2854B67BA8}
		{15365E2E-E1CF-4284-B12B-A25A9CC7428E} = {126E09E7-BA46-4081-8751-4F2854B67BA8}
		{777153F8-3B90-4D17-9C97-ACDB19C3066A} = {7119DAC4-2060-4B14-A61D-74A35EF82CF2}
	EndGlobalSection
EndGlobal
